
Microsoft Visual Studio Solution File, Format Version 12.00
# Visual Studio Version 17
VisualStudioVersion = 17.8.34330.188
MinimumVisualStudioVersion = 10.0.40219.1
Project("{FAE04EC0-301F-11D3-BF4B-00C04F79EFBC}") = "RegistrationWebApplication.Presentation.API", "RegistrationWebApplication.Presentation.API\RegistrationWebApplication.Presentation.API.csproj", "{D62F6B53-4938-4AF0-91D4-E32CC815E7DF}"
EndProject
Project("{FAE04EC0-301F-11D3-BF4B-00C04F79EFBC}") = "RegistrationWebApplication.Core", "RegistrationWebApplication.Core\RegistrationWebApplication.Core.csproj", "{75AC51D0-67EE-4E2F-9B83-A3281178632C}"
EndProject
Project("{FAE04EC0-301F-11D3-BF4B-00C04F79EFBC}") = "RegistrationWebApplication.Infrastructure", "RegistrationWebApplication.Infrastructure\RegistrationWebApplication.Infrastructure.csproj", "{5D869596-3373-4128-88FD-5D779CCE18A9}"
EndProject
Global
	GlobalSection(SolutionConfigurationPlatforms) = preSolution
		Debug|Any CPU = Debug|Any CPU
		Release|Any CPU = Release|Any CPU
	EndGlobalSection
	GlobalSection(ProjectConfigurationPlatforms) = postSolution
		{D62F6B53-4938-4AF0-91D4-E32CC815E7DF}.Debug|Any CPU.ActiveCfg = Debug|Any CPU
		{D62F6B53-4938-4AF0-91D4-E32CC815E7DF}.Debug|Any CPU.Build.0 = Debug|Any CPU
		{D62F6B53-4938-4AF0-91D4-E32CC815E7DF}.Release|Any CPU.ActiveCfg = Release|Any CPU
		{D62F6B53-4938-4AF0-91D4-E32CC815E7DF}.Release|Any CPU.Build.0 = Release|Any CPU
		{75AC51D0-67EE-4E2F-9B83-A3281178632C}.Debug|Any CPU.ActiveCfg = Debug|Any CPU
		{75AC51D0-67EE-4E2F-9B83-A3281178632C}.Debug|Any CPU.Build.0 = Debug|Any CPU
		{75AC51D0-67EE-4E2F-9B83-A3281178632C}.Release|Any CPU.ActiveCfg = Release|Any CPU
		{75AC51D0-67EE-4E2F-9B83-A3281178632C}.Release|Any CPU.Build.0 = Release|Any CPU
		{5D869596-3373-4128-88FD-5D779CCE18A9}.Debug|Any CPU.ActiveCfg = Debug|Any CPU
		{5D869596-3373-4128-88FD-5D779CCE18A9}.Debug|Any CPU.Build.0 = Debug|Any CPU
		{5D869596-3373-4128-88FD-5D779CCE18A9}.Release|Any CPU.ActiveCfg = Release|Any CPU
		{5D869596-3373-4128-88FD-5D779CCE18A9}.Release|Any CPU.Build.0 = Release|Any CPU
	EndGlobalSection
	GlobalSection(SolutionProperties) = preSolution
		HideSolutionNode = FALSE
	EndGlobalSection
	GlobalSection(ExtensibilityGlobals) = postSolution
		SolutionGuid = {57D63BEC-0655-45E2-AA88-65E3A7FF5242}
	EndGlobalSection
EndGlobal
